
Microsoft Visual Studio Solution File, Format Version 12.00
# Visual Studio 15
VisualStudioVersion = 15.0.27004.2009
MinimumVisualStudioVersion = 10.0.40219.1
Project("{8BC9CEB8-8B4A-11D0-8D11-00A0C91BC942}") = "CEASAR v2", "CEASAR v2\CEASAR v2.vcxproj", "{56DE99CB-85E8-4DF7-B565-9ACADB0B334F}"
EndProject
Global
	GlobalSection(SolutionConfigurationPlatforms) = preSolution
		Debug|x64 = Debug|x64
		Debug|x86 = Debug|x86
		Release|x64 = Release|x64
		Release|x86 = Release|x86
	EndGlobalSection
	GlobalSection(ProjectConfigurationPlatforms) = postSolution
		{56DE99CB-85E8-4DF7-B565-9ACADB0B334F}.Debug|x64.ActiveCfg = Debug|x64
		{56DE99CB-85E8-4DF7-B565-9ACADB0B334F}.Debug|x64.Build.0 = Debug|x64
		{56DE99CB-85E8-4DF7-B565-9ACADB0B334F}.Debug|x86.ActiveCfg = Debug|Win32
		{56DE99CB-85E8-4DF7-B565-9ACADB0B334F}.Debug|x86.Build.0 = Debug|Win32
		{56DE99CB-85E8-4DF7-B565-9ACADB0B334F}.Release|x64.ActiveCfg = Release|x64
		{56DE99CB-85E8-4DF7-B565-9ACADB0B334F}.Release|x64.Build.0 = Release|x64
		{56DE99CB-85E8-4DF7-B565-9ACADB0B334F}.Release|x86.ActiveCfg = Release|Win32
		{56DE99CB-85E8-4DF7-B565-9ACADB0B334F}.Release|x86.Build.0 = Release|Win32
	EndGlobalSection
	GlobalSection(SolutionProperties) = preSolution
		HideSolutionNode = FALSE
	EndGlobalSection
	GlobalSection(ExtensibilityGlobals) = postSolution
		SolutionGuid = {70211543-0C9C-41C8-B843-D79951CEA0A0}
	EndGlobalSection
EndGlobal
